
Microsoft Visual Studio Solution File, Format Version 12.00
Project("{FAE04EC0-301F-11D3-BF4B-00C04F79EFBC}") = "SortArrayAlgorithm", "SortArrayAlgorithm\SortArrayAlgorithm.csproj", "{C44CE9D1-ED3E-4B0B-B170-54FCBA5B6283}"
EndProject
Project("{FAE04EC0-301F-11D3-BF4B-00C04F79EFBC}") = "TestProject1", "TestProject1\TestProject1.csproj", "{67AA5405-EB29-4EDC-9928-56A8420F2391}"
EndProject
Global
	GlobalSection(SolutionConfigurationPlatforms) = preSolution
		Debug|Any CPU = Debug|Any CPU
		Release|Any CPU = Release|Any CPU
	EndGlobalSection
	GlobalSection(ProjectConfigurationPlatforms) = postSolution
		{C44CE9D1-ED3E-4B0B-B170-54FCBA5B6283}.Debug|Any CPU.ActiveCfg = Debug|Any CPU
		{C44CE9D1-ED3E-4B0B-B170-54FCBA5B6283}.Debug|Any CPU.Build.0 = Debug|Any CPU
		{C44CE9D1-ED3E-4B0B-B170-54FCBA5B6283}.Release|Any CPU.ActiveCfg = Release|Any CPU
		{C44CE9D1-ED3E-4B0B-B170-54FCBA5B6283}.Release|Any CPU.Build.0 = Release|Any CPU
		{67AA5405-EB29-4EDC-9928-56A8420F2391}.Debug|Any CPU.ActiveCfg = Debug|Any CPU
		{67AA5405-EB29-4EDC-9928-56A8420F2391}.Debug|Any CPU.Build.0 = Debug|Any CPU
		{67AA5405-EB29-4EDC-9928-56A8420F2391}.Release|Any CPU.ActiveCfg = Release|Any CPU
		{67AA5405-EB29-4EDC-9928-56A8420F2391}.Release|Any CPU.Build.0 = Release|Any CPU
	EndGlobalSection
EndGlobal
