
Microsoft Visual Studio Solution File, Format Version 12.00
Project("{FAE04EC0-301F-11D3-BF4B-00C04F79EFBC}") = "CWork", "CWork\CWork.csproj", "{CCC8564D-3477-444A-9899-4F75F5F07838}"
EndProject
Global
	GlobalSection(SolutionConfigurationPlatforms) = preSolution
		Debug|Any CPU = Debug|Any CPU
		Release|Any CPU = Release|Any CPU
	EndGlobalSection
	GlobalSection(ProjectConfigurationPlatforms) = postSolution
		{CCC8564D-3477-444A-9899-4F75F5F07838}.Debug|Any CPU.ActiveCfg = Debug|Any CPU
		{CCC8564D-3477-444A-9899-4F75F5F07838}.Debug|Any CPU.Build.0 = Debug|Any CPU
		{CCC8564D-3477-444A-9899-4F75F5F07838}.Release|Any CPU.ActiveCfg = Release|Any CPU
		{CCC8564D-3477-444A-9899-4F75F5F07838}.Release|Any CPU.Build.0 = Release|Any CPU
	EndGlobalSection
EndGlobal
