
Microsoft Visual Studio Solution File, Format Version 12.00
# Visual Studio Version 16
VisualStudioVersion = 16.0.31624.102
MinimumVisualStudioVersion = 10.0.40219.1
Project("{9A19103F-16F7-4668-BE54-9A1E7A4F7556}") = "Figures_L", "Figures_L\Figures_L.csproj", "{DE30BEDE-358C-443D-A2BE-A028DF707CDF}"
EndProject
Project("{9A19103F-16F7-4668-BE54-9A1E7A4F7556}") = "FiguresTest.Tests", "FiguresTest.Tests\FiguresTest.Tests.csproj", "{ED6B59D5-5B6A-4142-BACC-01F1194F7D0C}"
	ProjectSection(ProjectDependencies) = postProject
		{DE30BEDE-358C-443D-A2BE-A028DF707CDF} = {DE30BEDE-358C-443D-A2BE-A028DF707CDF}
	EndProjectSection
EndProject
Global
	GlobalSection(SolutionConfigurationPlatforms) = preSolution
		Debug|Any CPU = Debug|Any CPU
		Release|Any CPU = Release|Any CPU
	EndGlobalSection
	GlobalSection(ProjectConfigurationPlatforms) = postSolution
		{DE30BEDE-358C-443D-A2BE-A028DF707CDF}.Debug|Any CPU.ActiveCfg = Debug|Any CPU
		{DE30BEDE-358C-443D-A2BE-A028DF707CDF}.Debug|Any CPU.Build.0 = Debug|Any CPU
		{DE30BEDE-358C-443D-A2BE-A028DF707CDF}.Release|Any CPU.ActiveCfg = Release|Any CPU
		{DE30BEDE-358C-443D-A2BE-A028DF707CDF}.Release|Any CPU.Build.0 = Release|Any CPU
		{ED6B59D5-5B6A-4142-BACC-01F1194F7D0C}.Debug|Any CPU.ActiveCfg = Debug|Any CPU
		{ED6B59D5-5B6A-4142-BACC-01F1194F7D0C}.Debug|Any CPU.Build.0 = Debug|Any CPU
		{ED6B59D5-5B6A-4142-BACC-01F1194F7D0C}.Release|Any CPU.ActiveCfg = Release|Any CPU
		{ED6B59D5-5B6A-4142-BACC-01F1194F7D0C}.Release|Any CPU.Build.0 = Release|Any CPU
	EndGlobalSection
	GlobalSection(SolutionProperties) = preSolution
		HideSolutionNode = FALSE
	EndGlobalSection
	GlobalSection(ExtensibilityGlobals) = postSolution
		SolutionGuid = {99352783-D549-4764-8F22-AFD832B44F00}
	EndGlobalSection
EndGlobal
