
Microsoft Visual Studio Solution File, Format Version 12.00
Project("{FAE04EC0-301F-11D3-BF4B-00C04F79EFBC}") = "Search", "Search\Search.csproj", "{1745BD4D-EDAE-4EB7-A5CF-108232B19469}"
EndProject
Project("{FAE04EC0-301F-11D3-BF4B-00C04F79EFBC}") = "Test.Tests", "Test.Tests\Test.Tests.csproj", "{F71DE40D-18C8-4F24-A9D3-12F808A7066C}"
EndProject
Global
	GlobalSection(SolutionConfigurationPlatforms) = preSolution
		Debug|Any CPU = Debug|Any CPU
		Release|Any CPU = Release|Any CPU
	EndGlobalSection
	GlobalSection(ProjectConfigurationPlatforms) = postSolution
		{1745BD4D-EDAE-4EB7-A5CF-108232B19469}.Debug|Any CPU.ActiveCfg = Debug|Any CPU
		{1745BD4D-EDAE-4EB7-A5CF-108232B19469}.Debug|Any CPU.Build.0 = Debug|Any CPU
		{1745BD4D-EDAE-4EB7-A5CF-108232B19469}.Release|Any CPU.ActiveCfg = Release|Any CPU
		{1745BD4D-EDAE-4EB7-A5CF-108232B19469}.Release|Any CPU.Build.0 = Release|Any CPU
		{F71DE40D-18C8-4F24-A9D3-12F808A7066C}.Debug|Any CPU.ActiveCfg = Debug|Any CPU
		{F71DE40D-18C8-4F24-A9D3-12F808A7066C}.Debug|Any CPU.Build.0 = Debug|Any CPU
		{F71DE40D-18C8-4F24-A9D3-12F808A7066C}.Release|Any CPU.ActiveCfg = Release|Any CPU
		{F71DE40D-18C8-4F24-A9D3-12F808A7066C}.Release|Any CPU.Build.0 = Release|Any CPU
	EndGlobalSection
EndGlobal
